
Microsoft Visual Studio Solution File, Format Version 12.00
# Visual Studio Version 17
VisualStudioVersion = 17.6.33712.159
MinimumVisualStudioVersion = 10.0.40219.1
Project("{2150E333-8FDC-42A3-9474-1A3956D46DE8}") = "src", "src", "{24D814A2-6540-4445-AF33-C1A9780A65C7}"
EndProject
Project("{2150E333-8FDC-42A3-9474-1A3956D46DE8}") = "tests", "tests", "{2324BC55-5C01-4399-90C6-283898AED01E}"
EndProject
Project("{FAE04EC0-301F-11D3-BF4B-00C04F79EFBC}") = "BookStore.Domain", "BookStore.Domain\BookStore.Domain.csproj", "{0E3489F6-8304-48AD-A079-E62667680118}"
EndProject
Project("{FAE04EC0-301F-11D3-BF4B-00C04F79EFBC}") = "BookStore.Application", "BookStore.Application\BookStore.Application.csproj", "{EF3E4099-F30E-4FC7-865A-EDCEF2B40E2B}"
EndProject
Project("{FAE04EC0-301F-11D3-BF4B-00C04F79EFBC}") = "BookStore.Infrastructure", "BookStore.Infrastructure\BookStore.Infrastructure.csproj", "{5B153FDE-869E-4D49-9EB3-D6492F5921F2}"
EndProject
Project("{FAE04EC0-301F-11D3-BF4B-00C04F79EFBC}") = "BookStore.API", "BookStore.API\BookStore.API.csproj", "{DECA966F-511C-4ADF-A95C-639F077E2DDC}"
EndProject
Global
	GlobalSection(SolutionConfigurationPlatforms) = preSolution
		Debug|Any CPU = Debug|Any CPU
		Release|Any CPU = Release|Any CPU
	EndGlobalSection
	GlobalSection(ProjectConfigurationPlatforms) = postSolution
		{0E3489F6-8304-48AD-A079-E62667680118}.Debug|Any CPU.ActiveCfg = Debug|Any CPU
		{0E3489F6-8304-48AD-A079-E62667680118}.Debug|Any CPU.Build.0 = Debug|Any CPU
		{0E3489F6-8304-48AD-A079-E62667680118}.Release|Any CPU.ActiveCfg = Release|Any CPU
		{0E3489F6-8304-48AD-A079-E62667680118}.Release|Any CPU.Build.0 = Release|Any CPU
		{EF3E4099-F30E-4FC7-865A-EDCEF2B40E2B}.Debug|Any CPU.ActiveCfg = Debug|Any CPU
		{EF3E4099-F30E-4FC7-865A-EDCEF2B40E2B}.Debug|Any CPU.Build.0 = Debug|Any CPU
		{EF3E4099-F30E-4FC7-865A-EDCEF2B40E2B}.Release|Any CPU.ActiveCfg = Release|Any CPU
		{EF3E4099-F30E-4FC7-865A-EDCEF2B40E2B}.Release|Any CPU.Build.0 = Release|Any CPU
		{5B153FDE-869E-4D49-9EB3-D6492F5921F2}.Debug|Any CPU.ActiveCfg = Debug|Any CPU
		{5B153FDE-869E-4D49-9EB3-D6492F5921F2}.Debug|Any CPU.Build.0 = Debug|Any CPU
		{5B153FDE-869E-4D49-9EB3-D6492F5921F2}.Release|Any CPU.ActiveCfg = Release|Any CPU
		{5B153FDE-869E-4D49-9EB3-D6492F5921F2}.Release|Any CPU.Build.0 = Release|Any CPU
		{DECA966F-511C-4ADF-A95C-639F077E2DDC}.Debug|Any CPU.ActiveCfg = Debug|Any CPU
		{DECA966F-511C-4ADF-A95C-639F077E2DDC}.Debug|Any CPU.Build.0 = Debug|Any CPU
		{DECA966F-511C-4ADF-A95C-639F077E2DDC}.Release|Any CPU.ActiveCfg = Release|Any CPU
		{DECA966F-511C-4ADF-A95C-639F077E2DDC}.Release|Any CPU.Build.0 = Release|Any CPU
	EndGlobalSection
	GlobalSection(SolutionProperties) = preSolution
		HideSolutionNode = FALSE
	EndGlobalSection
	GlobalSection(NestedProjects) = preSolution
		{0E3489F6-8304-48AD-A079-E62667680118} = {24D814A2-6540-4445-AF33-C1A9780A65C7}
		{EF3E4099-F30E-4FC7-865A-EDCEF2B40E2B} = {24D814A2-6540-4445-AF33-C1A9780A65C7}
		{5B153FDE-869E-4D49-9EB3-D6492F5921F2} = {24D814A2-6540-4445-AF33-C1A9780A65C7}
		{DECA966F-511C-4ADF-A95C-639F077E2DDC} = {24D814A2-6540-4445-AF33-C1A9780A65C7}
	EndGlobalSection
	GlobalSection(ExtensibilityGlobals) = postSolution
		SolutionGuid = {2C1E5746-C2B2-4A2D-BC21-EADAB1E05959}
	EndGlobalSection
EndGlobal
